
Microsoft Visual Studio Solution File, Format Version 12.00
# Visual Studio Version 16
VisualStudioVersion = 16.0.30611.23
MinimumVisualStudioVersion = 10.0.40219.1
Project("{FAE04EC0-301F-11D3-BF4B-00C04F79EFBC}") = "Triangle", "Triangle\Triangle.csproj", "{6E608AAE-3AF3-422E-B122-490B7442ABDD}"
EndProject
Global
	GlobalSection(SolutionConfigurationPlatforms) = preSolution
		Debug|Any CPU = Debug|Any CPU
		Release|Any CPU = Release|Any CPU
	EndGlobalSection
	GlobalSection(ProjectConfigurationPlatforms) = postSolution
		{6E608AAE-3AF3-422E-B122-490B7442ABDD}.Debug|Any CPU.ActiveCfg = Debug|Any CPU
		{6E608AAE-3AF3-422E-B122-490B7442ABDD}.Debug|Any CPU.Build.0 = Debug|Any CPU
		{6E608AAE-3AF3-422E-B122-490B7442ABDD}.Release|Any CPU.ActiveCfg = Release|Any CPU
		{6E608AAE-3AF3-422E-B122-490B7442ABDD}.Release|Any CPU.Build.0 = Release|Any CPU
	EndGlobalSection
	GlobalSection(SolutionProperties) = preSolution
		HideSolutionNode = FALSE
	EndGlobalSection
	GlobalSection(ExtensibilityGlobals) = postSolution
		SolutionGuid = {382BEAF7-62F0-4D4E-BC00-282540AD8A20}
	EndGlobalSection
EndGlobal
